
Microsoft Visual Studio Solution File, Format Version 12.00
# Visual Studio Version 16
VisualStudioVersion = 16.0.32002.261
MinimumVisualStudioVersion = 10.0.40219.1
Project("{9A19103F-16F7-4668-BE54-9A1E7A4F7556}") = "01.BackToThePast", "01.BackToThePast\01.BackToThePast.csproj", "{6CAC39F9-6E6D-4D9F-B48E-DC5BCC2767DA}"
EndProject
Project("{9A19103F-16F7-4668-BE54-9A1E7A4F7556}") = "02.Hospital", "02.Hospital\02.Hospital.csproj", "{D997392F-ED29-4BC8-9054-3E702D46AB76}"
EndProject
Project("{9A19103F-16F7-4668-BE54-9A1E7A4F7556}") = "03.Logistics", "03.Logistics\03.Logistics.csproj", "{EC98CA12-E59F-48A7-878F-857A5E3BAEA9}"
EndProject
Project("{9A19103F-16F7-4668-BE54-9A1E7A4F7556}") = "04.Grades", "04.Grades\04.Grades.csproj", "{21DF9CBA-81CC-46D5-A87A-E84B05A5E7DE}"
EndProject
Project("{9A19103F-16F7-4668-BE54-9A1E7A4F7556}") = "05.GameOfIntervals", "05.GameOfIntervals\05.GameOfIntervals.csproj", "{3B36473C-F5D2-489B-81F9-EE2D3D59FB87}"
EndProject
Project("{FAE04EC0-301F-11D3-BF4B-00C04F79EFBC}") = "06.Bills", "06.Bills\06.Bills.csproj", "{C769BD7A-87E7-45AB-984E-DF4589672B2A}"
EndProject
Project("{FAE04EC0-301F-11D3-BF4B-00C04F79EFBC}") = "07.FootballLeague", "07.FootballLeague\07.FootballLeague.csproj", "{289B152E-52A9-48E6-9A76-A2A94C0F68EF}"
EndProject
Global
	GlobalSection(SolutionConfigurationPlatforms) = preSolution
		Debug|Any CPU = Debug|Any CPU
		Release|Any CPU = Release|Any CPU
	EndGlobalSection
	GlobalSection(ProjectConfigurationPlatforms) = postSolution
		{6CAC39F9-6E6D-4D9F-B48E-DC5BCC2767DA}.Debug|Any CPU.ActiveCfg = Debug|Any CPU
		{6CAC39F9-6E6D-4D9F-B48E-DC5BCC2767DA}.Debug|Any CPU.Build.0 = Debug|Any CPU
		{6CAC39F9-6E6D-4D9F-B48E-DC5BCC2767DA}.Release|Any CPU.ActiveCfg = Release|Any CPU
		{6CAC39F9-6E6D-4D9F-B48E-DC5BCC2767DA}.Release|Any CPU.Build.0 = Release|Any CPU
		{D997392F-ED29-4BC8-9054-3E702D46AB76}.Debug|Any CPU.ActiveCfg = Debug|Any CPU
		{D997392F-ED29-4BC8-9054-3E702D46AB76}.Debug|Any CPU.Build.0 = Debug|Any CPU
		{D997392F-ED29-4BC8-9054-3E702D46AB76}.Release|Any CPU.ActiveCfg = Release|Any CPU
		{D997392F-ED29-4BC8-9054-3E702D46AB76}.Release|Any CPU.Build.0 = Release|Any CPU
		{EC98CA12-E59F-48A7-878F-857A5E3BAEA9}.Debug|Any CPU.ActiveCfg = Debug|Any CPU
		{EC98CA12-E59F-48A7-878F-857A5E3BAEA9}.Debug|Any CPU.Build.0 = Debug|Any CPU
		{EC98CA12-E59F-48A7-878F-857A5E3BAEA9}.Release|Any CPU.ActiveCfg = Release|Any CPU
		{EC98CA12-E59F-48A7-878F-857A5E3BAEA9}.Release|Any CPU.Build.0 = Release|Any CPU
		{21DF9CBA-81CC-46D5-A87A-E84B05A5E7DE}.Debug|Any CPU.ActiveCfg = Debug|Any CPU
		{21DF9CBA-81CC-46D5-A87A-E84B05A5E7DE}.Debug|Any CPU.Build.0 = Debug|Any CPU
		{21DF9CBA-81CC-46D5-A87A-E84B05A5E7DE}.Release|Any CPU.ActiveCfg = Release|Any CPU
		{21DF9CBA-81CC-46D5-A87A-E84B05A5E7DE}.Release|Any CPU.Build.0 = Release|Any CPU
		{3B36473C-F5D2-489B-81F9-EE2D3D59FB87}.Debug|Any CPU.ActiveCfg = Debug|Any CPU
		{3B36473C-F5D2-489B-81F9-EE2D3D59FB87}.Debug|Any CPU.Build.0 = Debug|Any CPU
		{3B36473C-F5D2-489B-81F9-EE2D3D59FB87}.Release|Any CPU.ActiveCfg = Release|Any CPU
		{3B36473C-F5D2-489B-81F9-EE2D3D59FB87}.Release|Any CPU.Build.0 = Release|Any CPU
		{C769BD7A-87E7-45AB-984E-DF4589672B2A}.Debug|Any CPU.ActiveCfg = Debug|Any CPU
		{C769BD7A-87E7-45AB-984E-DF4589672B2A}.Debug|Any CPU.Build.0 = Debug|Any CPU
		{C769BD7A-87E7-45AB-984E-DF4589672B2A}.Release|Any CPU.ActiveCfg = Release|Any CPU
		{C769BD7A-87E7-45AB-984E-DF4589672B2A}.Release|Any CPU.Build.0 = Release|Any CPU
		{289B152E-52A9-48E6-9A76-A2A94C0F68EF}.Debug|Any CPU.ActiveCfg = Debug|Any CPU
		{289B152E-52A9-48E6-9A76-A2A94C0F68EF}.Debug|Any CPU.Build.0 = Debug|Any CPU
		{289B152E-52A9-48E6-9A76-A2A94C0F68EF}.Release|Any CPU.ActiveCfg = Release|Any CPU
		{289B152E-52A9-48E6-9A76-A2A94C0F68EF}.Release|Any CPU.Build.0 = Release|Any CPU
	EndGlobalSection
	GlobalSection(SolutionProperties) = preSolution
		HideSolutionNode = FALSE
	EndGlobalSection
	GlobalSection(ExtensibilityGlobals) = postSolution
		SolutionGuid = {50E65C82-A83D-4342-B510-C02B5FAD80DD}
	EndGlobalSection
EndGlobal
