
Microsoft Visual Studio Solution File, Format Version 12.00
# Visual Studio Version 16
VisualStudioVersion = 16.0.32002.261
MinimumVisualStudioVersion = 10.0.40219.1
Project("{FAE04EC0-301F-11D3-BF4B-00C04F79EFBC}") = "01Clock", "NestedLoops\01Clock.csproj", "{2244B666-7DDA-4CFC-866D-674ADB0F8F15}"
EndProject
Project("{FAE04EC0-301F-11D3-BF4B-00C04F79EFBC}") = "02MultiplicationTable", "02MultiplicationTable\02MultiplicationTable.csproj", "{6949AB47-26BB-4A04-B2B0-C3385DBF6923}"
EndProject
Project("{FAE04EC0-301F-11D3-BF4B-00C04F79EFBC}") = "03SumOfTwoNumbers", "03Combinations\03SumOfTwoNumbers.csproj", "{117429CC-8095-4EF4-AF23-D2CB45753746}"
EndProject
Project("{FAE04EC0-301F-11D3-BF4B-00C04F79EFBC}") = "04Travelling", "04Travelling\04Travelling.csproj", "{BAF51BF0-01E0-4D29-B5E8-F12D9E9A9434}"
EndProject
Project("{FAE04EC0-301F-11D3-BF4B-00C04F79EFBC}") = "05Building", "05Building\05Building.csproj", "{CCA53FE9-5851-4413-9A64-41E06F0A0E43}"
EndProject
Global
	GlobalSection(SolutionConfigurationPlatforms) = preSolution
		Debug|Any CPU = Debug|Any CPU
		Release|Any CPU = Release|Any CPU
	EndGlobalSection
	GlobalSection(ProjectConfigurationPlatforms) = postSolution
		{2244B666-7DDA-4CFC-866D-674ADB0F8F15}.Debug|Any CPU.ActiveCfg = Debug|Any CPU
		{2244B666-7DDA-4CFC-866D-674ADB0F8F15}.Debug|Any CPU.Build.0 = Debug|Any CPU
		{2244B666-7DDA-4CFC-866D-674ADB0F8F15}.Release|Any CPU.ActiveCfg = Release|Any CPU
		{2244B666-7DDA-4CFC-866D-674ADB0F8F15}.Release|Any CPU.Build.0 = Release|Any CPU
		{6949AB47-26BB-4A04-B2B0-C3385DBF6923}.Debug|Any CPU.ActiveCfg = Debug|Any CPU
		{6949AB47-26BB-4A04-B2B0-C3385DBF6923}.Debug|Any CPU.Build.0 = Debug|Any CPU
		{6949AB47-26BB-4A04-B2B0-C3385DBF6923}.Release|Any CPU.ActiveCfg = Release|Any CPU
		{6949AB47-26BB-4A04-B2B0-C3385DBF6923}.Release|Any CPU.Build.0 = Release|Any CPU
		{117429CC-8095-4EF4-AF23-D2CB45753746}.Debug|Any CPU.ActiveCfg = Debug|Any CPU
		{117429CC-8095-4EF4-AF23-D2CB45753746}.Debug|Any CPU.Build.0 = Debug|Any CPU
		{117429CC-8095-4EF4-AF23-D2CB45753746}.Release|Any CPU.ActiveCfg = Release|Any CPU
		{117429CC-8095-4EF4-AF23-D2CB45753746}.Release|Any CPU.Build.0 = Release|Any CPU
		{BAF51BF0-01E0-4D29-B5E8-F12D9E9A9434}.Debug|Any CPU.ActiveCfg = Debug|Any CPU
		{BAF51BF0-01E0-4D29-B5E8-F12D9E9A9434}.Debug|Any CPU.Build.0 = Debug|Any CPU
		{BAF51BF0-01E0-4D29-B5E8-F12D9E9A9434}.Release|Any CPU.ActiveCfg = Release|Any CPU
		{BAF51BF0-01E0-4D29-B5E8-F12D9E9A9434}.Release|Any CPU.Build.0 = Release|Any CPU
		{CCA53FE9-5851-4413-9A64-41E06F0A0E43}.Debug|Any CPU.ActiveCfg = Debug|Any CPU
		{CCA53FE9-5851-4413-9A64-41E06F0A0E43}.Debug|Any CPU.Build.0 = Debug|Any CPU
		{CCA53FE9-5851-4413-9A64-41E06F0A0E43}.Release|Any CPU.ActiveCfg = Release|Any CPU
		{CCA53FE9-5851-4413-9A64-41E06F0A0E43}.Release|Any CPU.Build.0 = Release|Any CPU
	EndGlobalSection
	GlobalSection(SolutionProperties) = preSolution
		HideSolutionNode = FALSE
	EndGlobalSection
	GlobalSection(ExtensibilityGlobals) = postSolution
		SolutionGuid = {706CD43F-3955-4C31-9097-C7C9BD9DFF78}
	EndGlobalSection
EndGlobal
